<Solution>
  <Configurations>
    <Platform Name="x64" />
  </Configurations>
  <Folder Name="/Solution Items/">
    <File Path=".editorconfig" />
    <File Path="README.md" />
  </Folder>
  <Project Path="EverybodyCodes.Resolver/EverybodyCodes.Resolver.csproj" />
  <Project Path="EverybodyCodes/EverybodyCodes.csproj">
    <Platform Project="x64" />
  </Project>
  <Project Path="Libraries/Challenge.CLI/Challenge.CLI.csproj">
    <Platform Project="x64" />
  </Project>
  <Project Path="Libraries/Challenge.Collections/Challenge.Collections.csproj">
    <Platform Project="x64" />
  </Project>
  <Project Path="Libraries/Challenge.Maths/Challenge.Maths.csproj">
    <Platform Project="x64" />
  </Project>
  <Project Path="Libraries/Challenge.Solvers/Challenge.Solvers.csproj">
    <Platform Project="x64" />
  </Project>
  <Project Path="Libraries/Challenge.Utils/Challenge.Utils.csproj">
    <Platform Project="x64" />
  </Project>
</Solution>
